// !$*UTF8*$!
{
	archiveVersion = 1;
	classes = {
	};
	objectVersion = 46;
	objects = {

/* Begin PBXBuildFile section */
		DD33F2341592962C00C83714 /* MBBCommon.m in Sources */ = {isa = PBXBuildFile; fileRef = DD33F2331592962C00C83714 /* MBBCommon.m */; };
		DDB42D8415927EA50046ED41 /* UIKit.framework in Frameworks */ = {isa = PBXBuildFile; fileRef = DDB42D8315927EA50046ED41 /* UIKit.framework */; };
		DDB42D8615927EA50046ED41 /* Foundation.framework in Frameworks */ = {isa = PBXBuildFile; fileRef = DDB42D8515927EA50046ED41 /* Foundation.framework */; };
		DDB42D8815927EA50046ED41 /* CoreGraphics.framework in Frameworks */ = {isa = PBXBuildFile; fileRef = DDB42D8715927EA50046ED41 /* CoreGraphics.framework */; };
		DDB42D8E15927EA50046ED41 /* InfoPlist.strings in Resources */ = {isa = PBXBuildFile; fileRef = DDB42D8C15927EA50046ED41 /* InfoPlist.strings */; };
		DDB42D9015927EA50046ED41 /* main.m in Sources */ = {isa = PBXBuildFile; fileRef = DDB42D8F15927EA50046ED41 /* main.m */; };
		DDB42D9415927EA50046ED41 /* MBBAppDelegate.m in Sources */ = {isa = PBXBuildFile; fileRef = DDB42D9315927EA50046ED41 /* MBBAppDelegate.m */; };
		DDB42D9715927EA50046ED41 /* MBBMainViewController.m in Sources */ = {isa = PBXBuildFile; fileRef = DDB42D9615927EA50046ED41 /* MBBMainViewController.m */; };
		DDB42DBA159281A00046ED41 /* libMapView.a in Frameworks */ = {isa = PBXBuildFile; fileRef = DDB42DB4159281430046ED41 /* libMapView.a */; };
		DDB42DBC159281CE0046ED41 /* libsqlite3.dylib in Frameworks */ = {isa = PBXBuildFile; fileRef = DDB42DBB159281CE0046ED41 /* libsqlite3.dylib */; };
		DDB42DBE159281D40046ED41 /* libz.dylib in Frameworks */ = {isa = PBXBuildFile; fileRef = DDB42DBD159281D40046ED41 /* libz.dylib */; };
		DDB42DC0159281D80046ED41 /* CoreLocation.framework in Frameworks */ = {isa = PBXBuildFile; fileRef = DDB42DBF159281D80046ED41 /* CoreLocation.framework */; };
		DDB42DC2159282650046ED41 /* QuartzCore.framework in Frameworks */ = {isa = PBXBuildFile; fileRef = DDB42DC1159282650046ED41 /* QuartzCore.framework */; };
		DDB42DD6159288600046ED41 /* MBBOptionsViewController.m in Sources */ = {isa = PBXBuildFile; fileRef = DDB42DD5159288600046ED41 /* MBBOptionsViewController.m */; };
/* End PBXBuildFile section */

/* Begin PBXContainerItemProxy section */
		DDB42DB3159281430046ED41 /* PBXContainerItemProxy */ = {
			isa = PBXContainerItemProxy;
			containerPortal = DDB42DA4159281420046ED41 /* MapView.xcodeproj */;
			proxyType = 2;
			remoteGlobalIDString = 17F31EFA1331050A00122B16;
			remoteInfo = MapView;
		};
		DDB42DB5159281430046ED41 /* PBXContainerItemProxy */ = {
			isa = PBXContainerItemProxy;
			containerPortal = DDB42DA4159281420046ED41 /* MapView.xcodeproj */;
			proxyType = 2;
			remoteGlobalIDString = 2BF3078F0F8AC5C0007014EE;
			remoteInfo = "Unit Tests";
		};
		DDB42DB81592819A0046ED41 /* PBXContainerItemProxy */ = {
			isa = PBXContainerItemProxy;
			containerPortal = DDB42DA4159281420046ED41 /* MapView.xcodeproj */;
			proxyType = 1;
			remoteGlobalIDString = B8C974130E8A19B2007D16AD;
			remoteInfo = MapView;
		};
/* End PBXContainerItemProxy section */

/* Begin PBXFileReference section */
		DD33F2321592962C00C83714 /* MBBCommon.h */ = {isa = PBXFileReference; fileEncoding = 4; lastKnownFileType = sourcecode.c.h; path = MBBCommon.h; sourceTree = "<group>"; };
		DD33F2331592962C00C83714 /* MBBCommon.m */ = {isa = PBXFileReference; fileEncoding = 4; lastKnownFileType = sourcecode.c.objc; path = MBBCommon.m; sourceTree = "<group>"; };
		DDB42D7F15927EA50046ED41 /* Bench.app */ = {isa = PBXFileReference; explicitFileType = wrapper.application; includeInIndex = 0; path = Bench.app; sourceTree = BUILT_PRODUCTS_DIR; };
		DDB42D8315927EA50046ED41 /* UIKit.framework */ = {isa = PBXFileReference; lastKnownFileType = wrapper.framework; name = UIKit.framework; path = System/Library/Frameworks/UIKit.framework; sourceTree = SDKROOT; };
		DDB42D8515927EA50046ED41 /* Foundation.framework */ = {isa = PBXFileReference; lastKnownFileType = wrapper.framework; name = Foundation.framework; path = System/Library/Frameworks/Foundation.framework; sourceTree = SDKROOT; };
		DDB42D8715927EA50046ED41 /* CoreGraphics.framework */ = {isa = PBXFileReference; lastKnownFileType = wrapper.framework; name = CoreGraphics.framework; path = System/Library/Frameworks/CoreGraphics.framework; sourceTree = SDKROOT; };
		DDB42D8B15927EA50046ED41 /* MapBox Bench-Info.plist */ = {isa = PBXFileReference; lastKnownFileType = text.plist.xml; path = "MapBox Bench-Info.plist"; sourceTree = "<group>"; };
		DDB42D8D15927EA50046ED41 /* en */ = {isa = PBXFileReference; lastKnownFileType = text.plist.strings; name = en; path = en.lproj/InfoPlist.strings; sourceTree = "<group>"; };
		DDB42D8F15927EA50046ED41 /* main.m */ = {isa = PBXFileReference; lastKnownFileType = sourcecode.c.objc; path = main.m; sourceTree = "<group>"; };
		DDB42D9115927EA50046ED41 /* MapBox Bench-Prefix.pch */ = {isa = PBXFileReference; lastKnownFileType = sourcecode.c.h; path = "MapBox Bench-Prefix.pch"; sourceTree = "<group>"; };
		DDB42D9215927EA50046ED41 /* MBBAppDelegate.h */ = {isa = PBXFileReference; lastKnownFileType = sourcecode.c.h; path = MBBAppDelegate.h; sourceTree = "<group>"; };
		DDB42D9315927EA50046ED41 /* MBBAppDelegate.m */ = {isa = PBXFileReference; lastKnownFileType = sourcecode.c.objc; path = MBBAppDelegate.m; sourceTree = "<group>"; };
		DDB42D9515927EA50046ED41 /* MBBMainViewController.h */ = {isa = PBXFileReference; lastKnownFileType = sourcecode.c.h; path = MBBMainViewController.h; sourceTree = "<group>"; };
		DDB42D9615927EA50046ED41 /* MBBMainViewController.m */ = {isa = PBXFileReference; lastKnownFileType = sourcecode.c.objc; path = MBBMainViewController.m; sourceTree = "<group>"; };
		DDB42DA4159281420046ED41 /* MapView.xcodeproj */ = {isa = PBXFileReference; lastKnownFileType = "wrapper.pb-project"; name = MapView.xcodeproj; path = "MapBox-iOS-SDK/MapView/MapView.xcodeproj"; sourceTree = "<group>"; };
		DDB42DBB159281CE0046ED41 /* libsqlite3.dylib */ = {isa = PBXFileReference; lastKnownFileType = "compiled.mach-o.dylib"; name = libsqlite3.dylib; path = usr/lib/libsqlite3.dylib; sourceTree = SDKROOT; };
		DDB42DBD159281D40046ED41 /* libz.dylib */ = {isa = PBXFileReference; lastKnownFileType = "compiled.mach-o.dylib"; name = libz.dylib; path = usr/lib/libz.dylib; sourceTree = SDKROOT; };
		DDB42DBF159281D80046ED41 /* CoreLocation.framework */ = {isa = PBXFileReference; lastKnownFileType = wrapper.framework; name = CoreLocation.framework; path = System/Library/Frameworks/CoreLocation.framework; sourceTree = SDKROOT; };
		DDB42DC1159282650046ED41 /* QuartzCore.framework */ = {isa = PBXFileReference; lastKnownFileType = wrapper.framework; name = QuartzCore.framework; path = System/Library/Frameworks/QuartzCore.framework; sourceTree = SDKROOT; };
		DDB42DD41592885F0046ED41 /* MBBOptionsViewController.h */ = {isa = PBXFileReference; fileEncoding = 4; lastKnownFileType = sourcecode.c.h; path = MBBOptionsViewController.h; sourceTree = "<group>"; };
		DDB42DD5159288600046ED41 /* MBBOptionsViewController.m */ = {isa = PBXFileReference; fileEncoding = 4; lastKnownFileType = sourcecode.c.objc; path = MBBOptionsViewController.m; sourceTree = "<group>"; };
/* End PBXFileReference section */

/* Begin PBXFrameworksBuildPhase section */
		DDB42D7C15927EA50046ED41 /* Frameworks */ = {
			isa = PBXFrameworksBuildPhase;
			buildActionMask = 2147483647;
			files = (
				DDB42D8815927EA50046ED41 /* CoreGraphics.framework in Frameworks */,
				DDB42DC0159281D80046ED41 /* CoreLocation.framework in Frameworks */,
				DDB42D8615927EA50046ED41 /* Foundation.framework in Frameworks */,
				DDB42DC2159282650046ED41 /* QuartzCore.framework in Frameworks */,
				DDB42D8415927EA50046ED41 /* UIKit.framework in Frameworks */,
				DDB42DBA159281A00046ED41 /* libMapView.a in Frameworks */,
				DDB42DBC159281CE0046ED41 /* libsqlite3.dylib in Frameworks */,
				DDB42DBE159281D40046ED41 /* libz.dylib in Frameworks */,
			);
			runOnlyForDeploymentPostprocessing = 0;
		};
/* End PBXFrameworksBuildPhase section */

/* Begin PBXGroup section */
		DDB42D7415927EA50046ED41 = {
			isa = PBXGroup;
			children = (
				DDB42D8915927EA50046ED41 /* MapBox Bench */,
				DDB42DA3159281330046ED41 /* MapBox SDK */,
				DDB42D8215927EA50046ED41 /* Frameworks */,
				DDB42D8015927EA50046ED41 /* Products */,
			);
			sourceTree = "<group>";
		};
		DDB42D8015927EA50046ED41 /* Products */ = {
			isa = PBXGroup;
			children = (
				DDB42D7F15927EA50046ED41 /* Bench.app */,
			);
			name = Products;
			sourceTree = "<group>";
		};
		DDB42D8215927EA50046ED41 /* Frameworks */ = {
			isa = PBXGroup;
			children = (
				DDB42D8715927EA50046ED41 /* CoreGraphics.framework */,
				DDB42DBF159281D80046ED41 /* CoreLocation.framework */,
				DDB42D8515927EA50046ED41 /* Foundation.framework */,
				DDB42DC1159282650046ED41 /* QuartzCore.framework */,
				DDB42D8315927EA50046ED41 /* UIKit.framework */,
				DDB42DBB159281CE0046ED41 /* libsqlite3.dylib */,
				DDB42DBD159281D40046ED41 /* libz.dylib */,
			);
			name = Frameworks;
			sourceTree = "<group>";
		};
		DDB42D8915927EA50046ED41 /* MapBox Bench */ = {
			isa = PBXGroup;
			children = (
				DD33F2321592962C00C83714 /* MBBCommon.h */,
				DD33F2331592962C00C83714 /* MBBCommon.m */,
				DDB42D9215927EA50046ED41 /* MBBAppDelegate.h */,
				DDB42D9315927EA50046ED41 /* MBBAppDelegate.m */,
				DDB42D9515927EA50046ED41 /* MBBMainViewController.h */,
				DDB42D9615927EA50046ED41 /* MBBMainViewController.m */,
				DDB42DD41592885F0046ED41 /* MBBOptionsViewController.h */,
				DDB42DD5159288600046ED41 /* MBBOptionsViewController.m */,
				DDB42D8A15927EA50046ED41 /* Supporting Files */,
			);
			path = "MapBox Bench";
			sourceTree = "<group>";
		};
		DDB42D8A15927EA50046ED41 /* Supporting Files */ = {
			isa = PBXGroup;
			children = (
				DDB42D8B15927EA50046ED41 /* MapBox Bench-Info.plist */,
				DDB42D8C15927EA50046ED41 /* InfoPlist.strings */,
				DDB42D8F15927EA50046ED41 /* main.m */,
				DDB42D9115927EA50046ED41 /* MapBox Bench-Prefix.pch */,
			);
			name = "Supporting Files";
			sourceTree = "<group>";
		};
		DDB42DA3159281330046ED41 /* MapBox SDK */ = {
			isa = PBXGroup;
			children = (
				DDB42DA4159281420046ED41 /* MapView.xcodeproj */,
			);
			name = "MapBox SDK";
			sourceTree = "<group>";
		};
		DDB42DA5159281420046ED41 /* Products */ = {
			isa = PBXGroup;
			children = (
				DDB42DB4159281430046ED41 /* libMapView.a */,
				DDB42DB6159281430046ED41 /* RM Unit Tests.app */,
			);
			name = Products;
			sourceTree = "<group>";
		};
/* End PBXGroup section */

/* Begin PBXNativeTarget section */
		DDB42D7E15927EA50046ED41 /* MapBox Bench */ = {
			isa = PBXNativeTarget;
			buildConfigurationList = DDB42DA015927EA60046ED41 /* Build configuration list for PBXNativeTarget "MapBox Bench" */;
			buildPhases = (
				DDB42D7B15927EA50046ED41 /* Sources */,
				DDB42D7C15927EA50046ED41 /* Frameworks */,
				DDB42D7D15927EA50046ED41 /* Resources */,
			);
			buildRules = (
			);
			dependencies = (
				DDB42DB91592819A0046ED41 /* PBXTargetDependency */,
			);
			name = "MapBox Bench";
			productName = "MapBox Bench";
			productReference = DDB42D7F15927EA50046ED41 /* Bench.app */;
			productType = "com.apple.product-type.application";
		};
/* End PBXNativeTarget section */

/* Begin PBXProject section */
		DDB42D7615927EA50046ED41 /* Project object */ = {
			isa = PBXProject;
			attributes = {
				CLASSPREFIX = MBB;
				LastUpgradeCheck = 0430;
				ORGANIZATIONNAME = "MapBox / Development Seed";
			};
			buildConfigurationList = DDB42D7915927EA50046ED41 /* Build configuration list for PBXProject "MapBox Bench" */;
			compatibilityVersion = "Xcode 3.2";
			developmentRegion = English;
			hasScannedForEncodings = 0;
			knownRegions = (
				en,
			);
			mainGroup = DDB42D7415927EA50046ED41;
			productRefGroup = DDB42D8015927EA50046ED41 /* Products */;
			projectDirPath = "";
			projectReferences = (
				{
					ProductGroup = DDB42DA5159281420046ED41 /* Products */;
					ProjectRef = DDB42DA4159281420046ED41 /* MapView.xcodeproj */;
				},
			);
			projectRoot = "";
			targets = (
				DDB42D7E15927EA50046ED41 /* MapBox Bench */,
			);
		};
/* End PBXProject section */

/* Begin PBXReferenceProxy section */
		DDB42DB4159281430046ED41 /* libMapView.a */ = {
			isa = PBXReferenceProxy;
			fileType = archive.ar;
			path = libMapView.a;
			remoteRef = DDB42DB3159281430046ED41 /* PBXContainerItemProxy */;
			sourceTree = BUILT_PRODUCTS_DIR;
		};
		DDB42DB6159281430046ED41 /* RM Unit Tests.app */ = {
			isa = PBXReferenceProxy;
			fileType = wrapper.application;
			path = "RM Unit Tests.app";
			remoteRef = DDB42DB5159281430046ED41 /* PBXContainerItemProxy */;
			sourceTree = BUILT_PRODUCTS_DIR;
		};
/* End PBXReferenceProxy section */

/* Begin PBXResourcesBuildPhase section */
		DDB42D7D15927EA50046ED41 /* Resources */ = {
			isa = PBXResourcesBuildPhase;
			buildActionMask = 2147483647;
			files = (
				DDB42D8E15927EA50046ED41 /* InfoPlist.strings in Resources */,
			);
			runOnlyForDeploymentPostprocessing = 0;
		};
/* End PBXResourcesBuildPhase section */

/* Begin PBXSourcesBuildPhase section */
		DDB42D7B15927EA50046ED41 /* Sources */ = {
			isa = PBXSourcesBuildPhase;
			buildActionMask = 2147483647;
			files = (
				DDB42D9015927EA50046ED41 /* main.m in Sources */,
				DDB42D9415927EA50046ED41 /* MBBAppDelegate.m in Sources */,
				DDB42D9715927EA50046ED41 /* MBBMainViewController.m in Sources */,
				DDB42DD6159288600046ED41 /* MBBOptionsViewController.m in Sources */,
				DD33F2341592962C00C83714 /* MBBCommon.m in Sources */,
			);
			runOnlyForDeploymentPostprocessing = 0;
		};
/* End PBXSourcesBuildPhase section */

/* Begin PBXTargetDependency section */
		DDB42DB91592819A0046ED41 /* PBXTargetDependency */ = {
			isa = PBXTargetDependency;
			name = MapView;
			targetProxy = DDB42DB81592819A0046ED41 /* PBXContainerItemProxy */;
		};
/* End PBXTargetDependency section */

/* Begin PBXVariantGroup section */
		DDB42D8C15927EA50046ED41 /* InfoPlist.strings */ = {
			isa = PBXVariantGroup;
			children = (
				DDB42D8D15927EA50046ED41 /* en */,
			);
			name = InfoPlist.strings;
			sourceTree = "<group>";
		};
/* End PBXVariantGroup section */

/* Begin XCBuildConfiguration section */
		DDB42D9E15927EA60046ED41 /* Debug */ = {
			isa = XCBuildConfiguration;
			buildSettings = {
				ALWAYS_SEARCH_USER_PATHS = NO;
				ARCHS = "$(ARCHS_STANDARD_32_BIT)";
				CLANG_ENABLE_OBJC_ARC = YES;
				"CODE_SIGN_IDENTITY[sdk=iphoneos*]" = "iPhone Developer";
				COPY_PHASE_STRIP = NO;
				GCC_C_LANGUAGE_STANDARD = gnu99;
				GCC_DYNAMIC_NO_PIC = NO;
				GCC_OPTIMIZATION_LEVEL = 0;
				GCC_PREPROCESSOR_DEFINITIONS = (
					"DEBUG=1",
					"$(inherited)",
				);
				GCC_SYMBOLS_PRIVATE_EXTERN = NO;
				GCC_VERSION = com.apple.compilers.llvm.clang.1_0;
				GCC_WARN_ABOUT_RETURN_TYPE = YES;
				GCC_WARN_UNINITIALIZED_AUTOS = YES;
				GCC_WARN_UNUSED_VARIABLE = YES;
				IPHONEOS_DEPLOYMENT_TARGET = 5.1;
				SDKROOT = iphoneos;
				TARGETED_DEVICE_FAMILY = "1,2";
			};
			name = Debug;
		};
		DDB42D9F15927EA60046ED41 /* Release */ = {
			isa = XCBuildConfiguration;
			buildSettings = {
				ALWAYS_SEARCH_USER_PATHS = NO;
				ARCHS = "$(ARCHS_STANDARD_32_BIT)";
				CLANG_ENABLE_OBJC_ARC = YES;
				"CODE_SIGN_IDENTITY[sdk=iphoneos*]" = "iPhone Developer";
				COPY_PHASE_STRIP = YES;
				GCC_C_LANGUAGE_STANDARD = gnu99;
				GCC_VERSION = com.apple.compilers.llvm.clang.1_0;
				GCC_WARN_ABOUT_RETURN_TYPE = YES;
				GCC_WARN_UNINITIALIZED_AUTOS = YES;
				GCC_WARN_UNUSED_VARIABLE = YES;
				IPHONEOS_DEPLOYMENT_TARGET = 5.1;
				OTHER_CFLAGS = "-DNS_BLOCK_ASSERTIONS=1";
				SDKROOT = iphoneos;
				TARGETED_DEVICE_FAMILY = "1,2";
				VALIDATE_PRODUCT = YES;
			};
			name = Release;
		};
		DDB42DA115927EA60046ED41 /* Debug */ = {
			isa = XCBuildConfiguration;
			buildSettings = {
				GCC_PRECOMPILE_PREFIX_HEADER = YES;
				GCC_PREFIX_HEADER = "MapBox Bench/MapBox Bench-Prefix.pch";
				HEADER_SEARCH_PATHS = "\"$(SRCROOT)/MapBox-iOS-SDK\"/**";
				INFOPLIST_FILE = "MapBox Bench/MapBox Bench-Info.plist";
				IPHONEOS_DEPLOYMENT_TARGET = 5.0;
				OTHER_LDFLAGS = "-ObjC";
				PRODUCT_NAME = Bench;
				WRAPPER_EXTENSION = app;
			};
			name = Debug;
		};
		DDB42DA215927EA60046ED41 /* Release */ = {
			isa = XCBuildConfiguration;
			buildSettings = {
				GCC_PRECOMPILE_PREFIX_HEADER = YES;
				GCC_PREFIX_HEADER = "MapBox Bench/MapBox Bench-Prefix.pch";
				HEADER_SEARCH_PATHS = "\"$(SRCROOT)/MapBox-iOS-SDK\"/**";
				INFOPLIST_FILE = "MapBox Bench/MapBox Bench-Info.plist";
				IPHONEOS_DEPLOYMENT_TARGET = 5.0;
				OTHER_LDFLAGS = "-ObjC";
				PRODUCT_NAME = Bench;
				WRAPPER_EXTENSION = app;
			};
			name = Release;
		};
/* End XCBuildConfiguration section */

/* Begin XCConfigurationList section */
		DDB42D7915927EA50046ED41 /* Build configuration list for PBXProject "MapBox Bench" */ = {
			isa = XCConfigurationList;
			buildConfigurations = (
				DDB42D9E15927EA60046ED41 /* Debug */,
				DDB42D9F15927EA60046ED41 /* Release */,
			);
			defaultConfigurationIsVisible = 0;
			defaultConfigurationName = Release;
		};
		DDB42DA015927EA60046ED41 /* Build configuration list for PBXNativeTarget "MapBox Bench" */ = {
			isa = XCConfigurationList;
			buildConfigurations = (
				DDB42DA115927EA60046ED41 /* Debug */,
				DDB42DA215927EA60046ED41 /* Release */,
			);
			defaultConfigurationIsVisible = 0;
			defaultConfigurationName = Release;
		};
/* End XCConfigurationList section */
	};
	rootObject = DDB42D7615927EA50046ED41 /* Project object */;
}
